
Microsoft Visual Studio Solution File, Format Version 12.00
# Visual Studio Version 17
VisualStudioVersion = 17.1.32407.343
MinimumVisualStudioVersion = 10.0.40219.1
Project("{FAE04EC0-301F-11D3-BF4B-00C04F79EFBC}") = "HW1_PolishNotation", "HW1_PolishNotation.csproj", "{04494307-3EF4-4486-ADA2-5158AA5DCB0E}"
EndProject
Global
	GlobalSection(SolutionConfigurationPlatforms) = preSolution
		Debug|Any CPU = Debug|Any CPU
		Release|Any CPU = Release|Any CPU
	EndGlobalSection
	GlobalSection(ProjectConfigurationPlatforms) = postSolution
		{04494307-3EF4-4486-ADA2-5158AA5DCB0E}.Debug|Any CPU.ActiveCfg = Debug|Any CPU
		{04494307-3EF4-4486-ADA2-5158AA5DCB0E}.Debug|Any CPU.Build.0 = Debug|Any CPU
		{04494307-3EF4-4486-ADA2-5158AA5DCB0E}.Release|Any CPU.ActiveCfg = Release|Any CPU
		{04494307-3EF4-4486-ADA2-5158AA5DCB0E}.Release|Any CPU.Build.0 = Release|Any CPU
	EndGlobalSection
	GlobalSection(SolutionProperties) = preSolution
		HideSolutionNode = FALSE
	EndGlobalSection
	GlobalSection(ExtensibilityGlobals) = postSolution
		SolutionGuid = {0A4E633E-7E9F-4E12-AFA3-6E4F76AF0BCC}
	EndGlobalSection
EndGlobal
